<?xml version="1.0" encoding="utf-8"?>
<Project ToolsVersion="4.0" xmlns="http://schemas.microsoft.com/developer/msbuild/2003">
  <ItemGroup>
    <Filter Include="0Engine">
      <UniqueIdentifier>{00b9b4a4-f949-4d49-88e3-24cfc100617c}</UniqueIdentifier>
    </Filter>
    <Filter Include="1Resources">
      <UniqueIdentifier>{d01560e7-ae89-45eb-9ab5-d56b8c5a28d4}</UniqueIdentifier>
    </Filter>
    <Filter Include="2Utils">
      <UniqueIdentifier>{d849092d-137d-48bc-8865-81d9ff65d140}</UniqueIdentifier>
    </Filter>
  </ItemGroup>
  <ItemGroup>
    <ClCompile Include="pch.cpp">
      <Filter>2Utils</Filter>
    </ClCompile>
    <ClCompile Include="EnginePch.cpp">
      <Filter>2Utils</Filter>
    </ClCompile>
    <ClCompile Include="Engine.cpp">
      <Filter>0Engine</Filter>
    </ClCompile>
    <ClCompile Include="CommandQueue.cpp">
      <Filter>0Engine</Filter>
    </ClCompile>
    <ClCompile Include="Device.cpp">
      <Filter>0Engine</Filter>
    </ClCompile>
    <ClCompile Include="SwapChain.cpp">
      <Filter>0Engine</Filter>
    </ClCompile>
    <ClCompile Include="DescriptorHeap.cpp">
      <Filter>0Engine</Filter>
    </ClCompile>
  </ItemGroup>
  <ItemGroup>
    <ClInclude Include="pch.h">
      <Filter>2Utils</Filter>
    </ClInclude>
    <ClInclude Include="EnginePch.h">
      <Filter>2Utils</Filter>
    </ClInclude>
    <ClInclude Include="d3dx12.h">
      <Filter>2Utils</Filter>
    </ClInclude>
    <ClInclude Include="Engine.h">
      <Filter>0Engine</Filter>
    </ClInclude>
    <ClInclude Include="CommandQueue.h">
      <Filter>0Engine</Filter>
    </ClInclude>
    <ClInclude Include="Device.h">
      <Filter>0Engine</Filter>
    </ClInclude>
    <ClInclude Include="SwapChain.h">
      <Filter>0Engine</Filter>
    </ClInclude>
    <ClInclude Include="DescriptorHeap.h">
      <Filter>0Engine</Filter>
    </ClInclude>
  </ItemGroup>
</Project>